Microsoft Visual Studio Solution File, Format Version 12.00
# Visual Studio Version 17
VisualStudioVersion = 17.5.2.0
MinimumVisualStudioVersion = 10.0.40219.1
Project("{FAE04EC0-301F-11D3-BF4B-00C04F79EFBC}") = "MessierAPI", "MessierAPI\MessierAPI.csproj", "{18833DD9-D6AF-C7DB-5FA2-5AB387B1AECC}"
EndProject
Global
	GlobalSection(SolutionConfigurationPlatforms) = preSolution
		Debug|Any CPU = Debug|Any CPU
		Release|Any CPU = Release|Any CPU
	EndGlobalSection
	GlobalSection(ProjectConfigurationPlatforms) = postSolution
		{18833DD9-D6AF-C7DB-5FA2-5AB387B1AECC}.Debug|Any CPU.ActiveCfg = Debug|Any CPU
		{18833DD9-D6AF-C7DB-5FA2-5AB387B1AECC}.Debug|Any CPU.Build.0 = Debug|Any CPU
		{18833DD9-D6AF-C7DB-5FA2-5AB387B1AECC}.Release|Any CPU.ActiveCfg = Release|Any CPU
		{18833DD9-D6AF-C7DB-5FA2-5AB387B1AECC}.Release|Any CPU.Build.0 = Release|Any CPU
	EndGlobalSection
	GlobalSection(SolutionProperties) = preSolution
		HideSolutionNode = FALSE
	EndGlobalSection
	GlobalSection(ExtensibilityGlobals) = postSolution
		SolutionGuid = {0F464D65-89F4-4316-82BF-78AF65D9863F}
	EndGlobalSection
EndGlobal
